alembic==1.15.2
annotated-types==0.8.0
anyio==4.15.1
click==8.5.0
fastapi==0.115.12
greenlet==3.5.5
h11==0.16.0
idna==3.19
iniconfig==2.3.0
Mako==1.4.1
MarkupSafe==3.0.3
packaging==26.3
pluggy==1.6.0
psycopg==3.2.6
psycopg-binary==3.2.6
pydantic==2.11.3
pydantic_core==2.33.1
pytest==8.3.5
SQLAlchemy==2.0.40
starlette==0.46.2
typing-inspection==0.4.4
typing_extensions==4.16.0
uvicorn==0.34.2
